// !$*UTF8*$!
{
	archiveVersion = 1;
	classes = {
	};
	objectVersion = 77;
	objects = {

/* Begin PBXContainerItemProxy section */
		ACCE95AB2DBDA45A009BF8A9 /* PBXContainerItemProxy */ = {
			isa = PBXContainerItemProxy;
			containerPortal = ACCE95952DBDA459009BF8A9 /* Project object */;
			proxyType = 1;
			remoteGlobalIDString = ACCE959C2DBDA459009BF8A9;
			remoteInfo = JetTrip;
		};
		ACCE95B52DBDA45A009BF8A9 /* PBXContainerItemProxy */ = {
			isa = PBXContainerItemProxy;
			containerPortal = ACCE95952DBDA459009BF8A9 /* Project object */;
			proxyType = 1;
			remoteGlobalIDString = ACCE959C2DBDA459009BF8A9;
			remoteInfo = JetTrip;
		};
/* End PBXContainerItemProxy section */

/* Begin PBXFileReference section */
		ACCE959D2DBDA459009BF8A9 /* JetTrip.app */ = {isa = PBXFileReference; explicitFileType = wrapper.application; includeInIndex = 0; path = JetTrip.app; sourceTree = BUILT_PRODUCTS_DIR; };
		ACCE95AA2DBDA45A009BF8A9 /* JetTripTests.xctest */ = {isa = PBXFileReference; explicitFileType = wrapper.cfbundle; includeInIndex = 0; path = JetTripTests.xctest; sourceTree = BUILT_PRODUCTS_DIR; };
		ACCE95B42DBDA45A009BF8A9 /* JetTripUITests.xctest */ = {isa = PBXFileReference; explicitFileType = wrapper.cfbundle; includeInIndex = 0; path = JetTripUITests.xctest; sourceTree = BUILT_PRODUCTS_DIR; };
/* End PBXFileReference section */

/* Begin PBXFileSystemSynchronizedRootGroup section */
		ACCE959F2DBDA459009BF8A9 /* JetTrip */ = {
			isa = PBXFileSystemSynchronizedRootGroup;
			path = JetTrip;
			sourceTree = "<group>";
		};
		ACCE95AD2DBDA45A009BF8A9 /* JetTripTests */ = {
			isa = PBXFileSystemSynchronizedRootGroup;
			path = JetTripTests;
			sourceTree = "<group>";
		};
		ACCE95B72DBDA45A009BF8A9 /* JetTripUITests */ = {
			isa = PBXFileSystemSynchronizedRootGroup;
			path = JetTripUITests;
			sourceTree = "<group>";
		};
/* End PBXFileSystemSynchronizedRootGroup section */

/* Begin PBXFrameworksBuildPhase section */
		ACCE959A2DBDA459009BF8A9 /* Frameworks */ = {
			isa = PBXFrameworksBuildPhase;
			buildActionMask = 2147483647;
			files = (
			);
			runOnlyForDeploymentPostprocessing = 0;
		};
		ACCE95A72DBDA45A009BF8A9 /* Frameworks */ = {
			isa = PBXFrameworksBuildPhase;
			buildActionMask = 2147483647;
			files = (
			);
			runOnlyForDeploymentPostprocessing = 0;
		};
		ACCE95B12DBDA45A009BF8A9 /* Frameworks */ = {
			isa = PBXFrameworksBuildPhase;
			buildActionMask = 2147483647;
			files = (
			);
			runOnlyForDeploymentPostprocessing = 0;
		};
/* End PBXFrameworksBuildPhase section */

/* Begin PBXGroup section */
		ACCE95942DBDA459009BF8A9 = {
			isa = PBXGroup;
			children = (
				ACCE959F2DBDA459009BF8A9 /* JetTrip */,
				ACCE95AD2DBDA45A009BF8A9 /* JetTripTests */,
				ACCE95B72DBDA45A009BF8A9 /* JetTripUITests */,
				ACCE959E2DBDA459009BF8A9 /* Products */,
			);
			sourceTree = "<group>";
		};
		ACCE959E2DBDA459009BF8A9 /* Products */ = {
			isa = PBXGroup;
			children = (
				ACCE959D2DBDA459009BF8A9 /* JetTrip.app */,
				ACCE95AA2DBDA45A009BF8A9 /* JetTripTests.xctest */,
				ACCE95B42DBDA45A009BF8A9 /* JetTripUITests.xctest */,
			);
			name = Products;
			sourceTree = "<group>";
		};
/* End PBXGroup section */

/* Begin PBXNativeTarget section */
		ACCE959C2DBDA459009BF8A9 /* JetTrip */ = {
			isa = PBXNativeTarget;
			buildConfigurationList = ACCE95BE2DBDA45A009BF8A9 /* Build configuration list for PBXNativeTarget "JetTrip" */;
			buildPhases = (
				ACCE95992DBDA459009BF8A9 /* Sources */,
				ACCE959A2DBDA459009BF8A9 /* Frameworks */,
				ACCE959B2DBDA459009BF8A9 /* Resources */,
			);
			buildRules = (
			);
			dependencies = (
			);
			fileSystemSynchronizedGroups = (
				ACCE959F2DBDA459009BF8A9 /* JetTrip */,
			);
			name = JetTrip;
			packageProductDependencies = (
			);
			productName = JetTrip;
			productReference = ACCE959D2DBDA459009BF8A9 /* JetTrip.app */;
			productType = "com.apple.product-type.application";
		};
		ACCE95A92DBDA45A009BF8A9 /* JetTripTests */ = {
			isa = PBXNativeTarget;
			buildConfigurationList = ACCE95C12DBDA45A009BF8A9 /* Build configuration list for PBXNativeTarget "JetTripTests" */;
			buildPhases = (
				ACCE95A62DBDA45A009BF8A9 /* Sources */,
				ACCE95A72DBDA45A009BF8A9 /* Frameworks */,
				ACCE95A82DBDA45A009BF8A9 /* Resources */,
			);
			buildRules = (
			);
			dependencies = (
				ACCE95AC2DBDA45A009BF8A9 /* PBXTargetDependency */,
			);
			fileSystemSynchronizedGroups = (
				ACCE95AD2DBDA45A009BF8A9 /* JetTripTests */,
			);
			name = JetTripTests;
			packageProductDependencies = (
			);
			productName = JetTripTests;
			productReference = ACCE95AA2DBDA45A009BF8A9 /* JetTripTests.xctest */;
			productType = "com.apple.product-type.bundle.unit-test";
		};
		ACCE95B32DBDA45A009BF8A9 /* JetTripUITests */ = {
			isa = PBXNativeTarget;
			buildConfigurationList = ACCE95C42DBDA45A009BF8A9 /* Build configuration list for PBXNativeTarget "JetTripUITests" */;
			buildPhases = (
				ACCE95B02DBDA45A009BF8A9 /* Sources */,
				ACCE95B12DBDA45A009BF8A9 /* Frameworks */,
				ACCE95B22DBDA45A009BF8A9 /* Resources */,
			);
			buildRules = (
			);
			dependencies = (
				ACCE95B62DBDA45A009BF8A9 /* PBXTargetDependency */,
			);
			fileSystemSynchronizedGroups = (
				ACCE95B72DBDA45A009BF8A9 /* JetTripUITests */,
			);
			name = JetTripUITests;
			packageProductDependencies = (
			);
			productName = JetTripUITests;
			productReference = ACCE95B42DBDA45A009BF8A9 /* JetTripUITests.xctest */;
			productType = "com.apple.product-type.bundle.ui-testing";
		};
/* End PBXNativeTarget section */

/* Begin PBXProject section */
		ACCE95952DBDA459009BF8A9 /* Project object */ = {
			isa = PBXProject;
			attributes = {
				BuildIndependentTargetsInParallel = 1;
				LastSwiftUpdateCheck = 1630;
				LastUpgradeCheck = 1630;
				TargetAttributes = {
					ACCE959C2DBDA459009BF8A9 = {
						CreatedOnToolsVersion = 16.3;
					};
					ACCE95A92DBDA45A009BF8A9 = {
						CreatedOnToolsVersion = 16.3;
						TestTargetID = ACCE959C2DBDA459009BF8A9;
					};
					ACCE95B32DBDA45A009BF8A9 = {
						CreatedOnToolsVersion = 16.3;
						TestTargetID = ACCE959C2DBDA459009BF8A9;
					};
				};
			};
			buildConfigurationList = ACCE95982DBDA459009BF8A9 /* Build configuration list for PBXProject "JetTrip" */;
			developmentRegion = en;
			hasScannedForEncodings = 0;
			knownRegions = (
				en,
				Base,
			);
			mainGroup = ACCE95942DBDA459009BF8A9;
			minimizedProjectReferenceProxies = 1;
			preferredProjectObjectVersion = 77;
			productRefGroup = ACCE959E2DBDA459009BF8A9 /* Products */;
			projectDirPath = "";
			projectRoot = "";
			targets = (
				ACCE959C2DBDA459009BF8A9 /* JetTrip */,
				ACCE95A92DBDA45A009BF8A9 /* JetTripTests */,
				ACCE95B32DBDA45A009BF8A9 /* JetTripUITests */,
			);
		};
/* End PBXProject section */

/* Begin PBXResourcesBuildPhase section */
		ACCE959B2DBDA459009BF8A9 /* Resources */ = {
			isa = PBXResourcesBuildPhase;
			buildActionMask = 2147483647;
			files = (
			);
			runOnlyForDeploymentPostprocessing = 0;
		};
		ACCE95A82DBDA45A009BF8A9 /* Resources */ = {
			isa = PBXResourcesBuildPhase;
			buildActionMask = 2147483647;
			files = (
			);
			runOnlyForDeploymentPostprocessing = 0;
		};
		ACCE95B22DBDA45A009BF8A9 /* Resources */ = {
			isa = PBXResourcesBuildPhase;
			buildActionMask = 2147483647;
			files = (
			);
			runOnlyForDeploymentPostprocessing = 0;
		};
/* End PBXResourcesBuildPhase section */

/* Begin PBXSourcesBuildPhase section */
		ACCE95992DBDA459009BF8A9 /* Sources */ = {
			isa = PBXSourcesBuildPhase;
			buildActionMask = 2147483647;
			files = (
			);
			runOnlyForDeploymentPostprocessing = 0;
		};
		ACCE95A62DBDA45A009BF8A9 /* Sources */ = {
			isa = PBXSourcesBuildPhase;
			buildActionMask = 2147483647;
			files = (
			);
			runOnlyForDeploymentPostprocessing = 0;
		};
		ACCE95B02DBDA45A009BF8A9 /* Sources */ = {
			isa = PBXSourcesBuildPhase;
			buildActionMask = 2147483647;
			files = (
			);
			runOnlyForDeploymentPostprocessing = 0;
		};
/* End PBXSourcesBuildPhase section */

/* Begin PBXTargetDependency section */
		ACCE95AC2DBDA45A009BF8A9 /* PBXTargetDependency */ = {
			isa = PBXTargetDependency;
			target = ACCE959C2DBDA459009BF8A9 /* JetTrip */;
			targetProxy = ACCE95AB2DBDA45A009BF8A9 /* PBXContainerItemProxy */;
		};
		ACCE95B62DBDA45A009BF8A9 /* PBXTargetDependency */ = {
			isa = PBXTargetDependency;
			target = ACCE959C2DBDA459009BF8A9 /* JetTrip */;
			targetProxy = ACCE95B52DBDA45A009BF8A9 /* PBXContainerItemProxy */;
		};
/* End PBXTargetDependency section */

/* Begin XCBuildConfiguration section */
		ACCE95BC2DBDA45A009BF8A9 /* Debug */ = {
			isa = XCBuildConfiguration;
			buildSettings = {
				ALWAYS_SEARCH_USER_PATHS = NO;
				ASSETCATALOG_COMPILER_GENERATE_SWIFT_ASSET_SYMBOL_EXTENSIONS = YES;
				CLANG_ANALYZER_NONNULL = YES;
				CLANG_ANALYZER_NUMBER_OBJECT_CONVERSION = YES_AGGRESSIVE;
				CLANG_CXX_LANGUAGE_STANDARD = "gnu++20";
				CLANG_ENABLE_MODULES = YES;
				CLANG_ENABLE_OBJC_ARC = YES;
				CLANG_ENABLE_OBJC_WEAK = YES;
				CLANG_WARN_BLOCK_CAPTURE_AUTORELEASING = YES;
				CLANG_WARN_BOOL_CONVERSION = YES;
				CLANG_WARN_COMMA = YES;
				CLANG_WARN_CONSTANT_CONVERSION = YES;
				CLANG_WARN_DEPRECATED_OBJC_IMPLEMENTATIONS = YES;
				CLANG_WARN_DIRECT_OBJC_ISA_USAGE = YES_ERROR;
				CLANG_WARN_DOCUMENTATION_COMMENTS = YES;
				CLANG_WARN_EMPTY_BODY = YES;
				CLANG_WARN_ENUM_CONVERSION = YES;
				CLANG_WARN_INFINITE_RECURSION = YES;
				CLANG_WARN_INT_CONVERSION = YES;
				CLANG_WARN_NON_LITERAL_NULL_CONVERSION = YES;
				CLANG_WARN_OBJC_IMPLICIT_RETAIN_SELF = YES;
				CLANG_WARN_OBJC_LITERAL_CONVERSION = YES;
				CLANG_WARN_OBJC_ROOT_CLASS = YES_ERROR;
				CLANG_WARN_QUOTED_INCLUDE_IN_FRAMEWORK_HEADER = YES;
				CLANG_WARN_RANGE_LOOP_ANALYSIS = YES;
				CLANG_WARN_STRICT_PROTOTYPES = YES;
				CLANG_WARN_SUSPICIOUS_MOVE = YES;
				CLANG_WARN_UNGUARDED_AVAILABILITY = YES_AGGRESSIVE;
				CLANG_WARN_UNREACHABLE_CODE = YES;
				CLANG_WARN__DUPLICATE_METHOD_MATCH = YES;
				COPY_PHASE_STRIP = NO;
				DEBUG_INFORMATION_FORMAT = dwarf;
				DEVELOPMENT_TEAM = 56MW794GXP;
				ENABLE_STRICT_OBJC_MSGSEND = YES;
				ENABLE_TESTABILITY = YES;
				ENABLE_USER_SCRIPT_SANDBOXING = YES;
				GCC_C_LANGUAGE_STANDARD = gnu17;
				GCC_DYNAMIC_NO_PIC = NO;
				GCC_NO_COMMON_BLOCKS = YES;
				GCC_OPTIMIZATION_LEVEL = 0;
				GCC_PREPROCESSOR_DEFINITIONS = (
					"DEBUG=1",
					"$(inherited)",
				);
				GCC_WARN_64_TO_32_BIT_CONVERSION = YES;
				GCC_WARN_ABOUT_RETURN_TYPE = YES_ERROR;
				GCC_WARN_UNDECLARED_SELECTOR = YES;
				GCC_WARN_UNINITIALIZED_AUTOS = YES_AGGRESSIVE;
				GCC_WARN_UNUSED_FUNCTION = YES;
				GCC_WARN_UNUSED_VARIABLE = YES;
				IPHONEOS_DEPLOYMENT_TARGET = 18.4;
				LOCALIZATION_PREFERS_STRING_CATALOGS = YES;
				MTL_ENABLE_DEBUG_INFO = INCLUDE_SOURCE;
				MTL_FAST_MATH = YES;
				ONLY_ACTIVE_ARCH = YES;
				SDKROOT = iphoneos;
				SWIFT_ACTIVE_COMPILATION_CONDITIONS = "DEBUG $(inherited)";
				SWIFT_OPTIMIZATION_LEVEL = "-Onone";
			};
			name = Debug;
		};
		ACCE95BD2DBDA45A009BF8A9 /* Release */ = {
			isa = XCBuildConfiguration;
			buildSettings = {
				ALWAYS_SEARCH_USER_PATHS = NO;
				ASSETCATALOG_COMPILER_GENERATE_SWIFT_ASSET_SYMBOL_EXTENSIONS = YES;
				CLANG_ANALYZER_NONNULL = YES;
				CLANG_ANALYZER_NUMBER_OBJECT_CONVERSION = YES_AGGRESSIVE;
				CLANG_CXX_LANGUAGE_STANDARD = "gnu++20";
				CLANG_ENABLE_MODULES = YES;
				CLANG_ENABLE_OBJC_ARC = YES;
				CLANG_ENABLE_OBJC_WEAK = YES;
				CLANG_WARN_BLOCK_CAPTURE_AUTORELEASING = YES;
				CLANG_WARN_BOOL_CONVERSION = YES;
				CLANG_WARN_COMMA = YES;
				CLANG_WARN_CONSTANT_CONVERSION = YES;
				CLANG_WARN_DEPRECATED_OBJC_IMPLEMENTATIONS = YES;
				CLANG_WARN_DIRECT_OBJC_ISA_USAGE = YES_ERROR;
				CLANG_WARN_DOCUMENTATION_COMMENTS = YES;
				CLANG_WARN_EMPTY_BODY = YES;
				CLANG_WARN_ENUM_CONVERSION = YES;
				CLANG_WARN_INFINITE_RECURSION = YES;
				CLANG_WARN_INT_CONVERSION = YES;
				CLANG_WARN_NON_LITERAL_NULL_CONVERSION = YES;
				CLANG_WARN_OBJC_IMPLICIT_RETAIN_SELF = YES;
				CLANG_WARN_OBJC_LITERAL_CONVERSION = YES;
				CLANG_WARN_OBJC_ROOT_CLASS = YES_ERROR;
				CLANG_WARN_QUOTED_INCLUDE_IN_FRAMEWORK_HEADER = YES;
				CLANG_WARN_RANGE_LOOP_ANALYSIS = YES;
				CLANG_WARN_STRICT_PROTOTYPES = YES;
				CLANG_WARN_SUSPICIOUS_MOVE = YES;
				CLANG_WARN_UNGUARDED_AVAILABILITY = YES_AGGRESSIVE;
				CLANG_WARN_UNREACHABLE_CODE = YES;
				CLANG_WARN__DUPLICATE_METHOD_MATCH = YES;
				COPY_PHASE_STRIP = NO;
				DEBUG_INFORMATION_FORMAT = "dwarf-with-dsym";
				DEVELOPMENT_TEAM = 56MW794GXP;
				ENABLE_NS_ASSERTIONS = NO;
				ENABLE_STRICT_OBJC_MSGSEND = YES;
				ENABLE_USER_SCRIPT_SANDBOXING = YES;
				GCC_C_LANGUAGE_STANDARD = gnu17;
				GCC_NO_COMMON_BLOCKS = YES;
				GCC_WARN_64_TO_32_BIT_CONVERSION = YES;
				GCC_WARN_ABOUT_RETURN_TYPE = YES_ERROR;
				GCC_WARN_UNDECLARED_SELECTOR = YES;
				GCC_WARN_UNINITIALIZED_AUTOS = YES_AGGRESSIVE;
				GCC_WARN_UNUSED_FUNCTION = YES;
				GCC_WARN_UNUSED_VARIABLE = YES;
				IPHONEOS_DEPLOYMENT_TARGET = 18.4;
				LOCALIZATION_PREFERS_STRING_CATALOGS = YES;
				MTL_ENABLE_DEBUG_INFO = NO;
				MTL_FAST_MATH = YES;
				SDKROOT = iphoneos;
				SWIFT_COMPILATION_MODE = wholemodule;
				VALIDATE_PRODUCT = YES;
			};
			name = Release;
		};
		ACCE95BF2DBDA45A009BF8A9 /* Debug */ = {
			isa = XCBuildConfiguration;
			buildSettings = {
				ASSETCATALOG_COMPILER_APPICON_NAME = AppIcon;
				ASSETCATALOG_COMPILER_GLOBAL_ACCENT_COLOR_NAME = AccentColor;
				CODE_SIGN_STYLE = Automatic;
				CURRENT_PROJECT_VERSION = 1;
				DEVELOPMENT_TEAM = 56MW794GXP;
				ENABLE_PREVIEWS = YES;
				GENERATE_INFOPLIST_FILE = YES;
				INFOPLIST_KEY_UIApplicationSceneManifest_Generation = YES;
				INFOPLIST_KEY_UIApplicationSupportsIndirectInputEvents = YES;
				INFOPLIST_KEY_UILaunchScreen_Generation = YES;
				INFOPLIST_KEY_UISupportedInterfaceOrientations_iPad = "UIInterfaceOrientationPortrait UIInterfaceOrientationPortraitUpsideDown UIInterfaceOrientationLandscapeLeft UIInterfaceOrientationLandscapeRight";
				INFOPLIST_KEY_UISupportedInterfaceOrientations_iPhone = "UIInterfaceOrientationPortrait UIInterfaceOrientationLandscapeLeft UIInterfaceOrientationLandscapeRight";
				LD_RUNPATH_SEARCH_PATHS = (
					"$(inherited)",
					"@executable_path/Frameworks",
				);
				MARKETING_VERSION = 1.0;
				PRODUCT_BUNDLE_IDENTIFIER = com.StudioNoKr.JetTrip;
				PRODUCT_NAME = "$(TARGET_NAME)";
				SWIFT_EMIT_LOC_STRINGS = YES;
				SWIFT_VERSION = 5.0;
				TARGETED_DEVICE_FAMILY = "1,2";
			};
			name = Debug;
		};
		ACCE95C02DBDA45A009BF8A9 /* Release */ = {
			isa = XCBuildConfiguration;
			buildSettings = {
				ASSETCATALOG_COMPILER_APPICON_NAME = AppIcon;
				ASSETCATALOG_COMPILER_GLOBAL_ACCENT_COLOR_NAME = AccentColor;
				CODE_SIGN_STYLE = Automatic;
				CURRENT_PROJECT_VERSION = 1;
				DEVELOPMENT_TEAM = 56MW794GXP;
				ENABLE_PREVIEWS = YES;
				GENERATE_INFOPLIST_FILE = YES;
				INFOPLIST_KEY_UIApplicationSceneManifest_Generation = YES;
				INFOPLIST_KEY_UIApplicationSupportsIndirectInputEvents = YES;
				INFOPLIST_KEY_UILaunchScreen_Generation = YES;
				INFOPLIST_KEY_UISupportedInterfaceOrientations_iPad = "UIInterfaceOrientationPortrait UIInterfaceOrientationPortraitUpsideDown UIInterfaceOrientationLandscapeLeft UIInterfaceOrientationLandscapeRight";
				INFOPLIST_KEY_UISupportedInterfaceOrientations_iPhone = "UIInterfaceOrientationPortrait UIInterfaceOrientationLandscapeLeft UIInterfaceOrientationLandscapeRight";
				LD_RUNPATH_SEARCH_PATHS = (
					"$(inherited)",
					"@executable_path/Frameworks",
				);
				MARKETING_VERSION = 1.0;
				PRODUCT_BUNDLE_IDENTIFIER = com.StudioNoKr.JetTrip;
				PRODUCT_NAME = "$(TARGET_NAME)";
				SWIFT_EMIT_LOC_STRINGS = YES;
				SWIFT_VERSION = 5.0;
				TARGETED_DEVICE_FAMILY = "1,2";
			};
			name = Release;
		};
		ACCE95C22DBDA45A009BF8A9 /* Debug */ = {
			isa = XCBuildConfiguration;
			buildSettings = {
				BUNDLE_LOADER = "$(TEST_HOST)";
				CODE_SIGN_STYLE = Automatic;
				CURRENT_PROJECT_VERSION = 1;
				DEVELOPMENT_TEAM = 56MW794GXP;
				GENERATE_INFOPLIST_FILE = YES;
				IPHONEOS_DEPLOYMENT_TARGET = 18.4;
				MARKETING_VERSION = 1.0;
				PRODUCT_BUNDLE_IDENTIFIER = com.StudioNoKr.JetTripTests;
				PRODUCT_NAME = "$(TARGET_NAME)";
				SWIFT_EMIT_LOC_STRINGS = NO;
				SWIFT_VERSION = 5.0;
				TARGETED_DEVICE_FAMILY = "1,2";
				TEST_HOST = "$(BUILT_PRODUCTS_DIR)/JetTrip.app/$(BUNDLE_EXECUTABLE_FOLDER_PATH)/JetTrip";
			};
			name = Debug;
		};
		ACCE95C32DBDA45A009BF8A9 /* Release */ = {
			isa = XCBuildConfiguration;
			buildSettings = {
				BUNDLE_LOADER = "$(TEST_HOST)";
				CODE_SIGN_STYLE = Automatic;
				CURRENT_PROJECT_VERSION = 1;
				DEVELOPMENT_TEAM = 56MW794GXP;
				GENERATE_INFOPLIST_FILE = YES;
				IPHONEOS_DEPLOYMENT_TARGET = 18.4;
				MARKETING_VERSION = 1.0;
				PRODUCT_BUNDLE_IDENTIFIER = com.StudioNoKr.JetTripTests;
				PRODUCT_NAME = "$(TARGET_NAME)";
				SWIFT_EMIT_LOC_STRINGS = NO;
				SWIFT_VERSION = 5.0;
				TARGETED_DEVICE_FAMILY = "1,2";
				TEST_HOST = "$(BUILT_PRODUCTS_DIR)/JetTrip.app/$(BUNDLE_EXECUTABLE_FOLDER_PATH)/JetTrip";
			};
			name = Release;
		};
		ACCE95C52DBDA45A009BF8A9 /* Debug */ = {
			isa = XCBuildConfiguration;
			buildSettings = {
				CODE_SIGN_STYLE = Automatic;
				CURRENT_PROJECT_VERSION = 1;
				DEVELOPMENT_TEAM = 56MW794GXP;
				GENERATE_INFOPLIST_FILE = YES;
				MARKETING_VERSION = 1.0;
				PRODUCT_BUNDLE_IDENTIFIER = com.StudioNoKr.JetTripUITests;
				PRODUCT_NAME = "$(TARGET_NAME)";
				SWIFT_EMIT_LOC_STRINGS = NO;
				SWIFT_VERSION = 5.0;
				TARGETED_DEVICE_FAMILY = "1,2";
				TEST_TARGET_NAME = JetTrip;
			};
			name = Debug;
		};
		ACCE95C62DBDA45A009BF8A9 /* Release */ = {
			isa = XCBuildConfiguration;
			buildSettings = {
				CODE_SIGN_STYLE = Automatic;
				CURRENT_PROJECT_VERSION = 1;
				DEVELOPMENT_TEAM = 56MW794GXP;
				GENERATE_INFOPLIST_FILE = YES;
				MARKETING_VERSION = 1.0;
				PRODUCT_BUNDLE_IDENTIFIER = com.StudioNoKr.JetTripUITests;
				PRODUCT_NAME = "$(TARGET_NAME)";
				SWIFT_EMIT_LOC_STRINGS = NO;
				SWIFT_VERSION = 5.0;
				TARGETED_DEVICE_FAMILY = "1,2";
				TEST_TARGET_NAME = JetTrip;
			};
			name = Release;
		};
/* End XCBuildConfiguration section */

/* Begin XCConfigurationList section */
		ACCE95982DBDA459009BF8A9 /* Build configuration list for PBXProject "JetTrip" */ = {
			isa = XCConfigurationList;
			buildConfigurations = (
				ACCE95BC2DBDA45A009BF8A9 /* Debug */,
				ACCE95BD2DBDA45A009BF8A9 /* Release */,
			);
			defaultConfigurationIsVisible = 0;
			defaultConfigurationName = Release;
		};
		ACCE95BE2DBDA45A009BF8A9 /* Build configuration list for PBXNativeTarget "JetTrip" */ = {
			isa = XCConfigurationList;
			buildConfigurations = (
				ACCE95BF2DBDA45A009BF8A9 /* Debug */,
				ACCE95C02DBDA45A009BF8A9 /* Release */,
			);
			defaultConfigurationIsVisible = 0;
			defaultConfigurationName = Release;
		};
		ACCE95C12DBDA45A009BF8A9 /* Build configuration list for PBXNativeTarget "JetTripTests" */ = {
			isa = XCConfigurationList;
			buildConfigurations = (
				ACCE95C22DBDA45A009BF8A9 /* Debug */,
				ACCE95C32DBDA45A009BF8A9 /* Release */,
			);
			defaultConfigurationIsVisible = 0;
			defaultConfigurationName = Release;
		};
		ACCE95C42DBDA45A009BF8A9 /* Build configuration list for PBXNativeTarget "JetTripUITests" */ = {
			isa = XCConfigurationList;
			buildConfigurations = (
				ACCE95C52DBDA45A009BF8A9 /* Debug */,
				ACCE95C62DBDA45A009BF8A9 /* Release */,
			);
			defaultConfigurationIsVisible = 0;
			defaultConfigurationName = Release;
		};
/* End XCConfigurationList section */
	};
	rootObject = ACCE95952DBDA459009BF8A9 /* Project object */;
}
